
Microsoft Visual Studio Solution File, Format Version 12.00
# Visual Studio Version 16
VisualStudioVersion = 16.0.31004.235
MinimumVisualStudioVersion = 10.0.40219.1
Project("{FAE04EC0-301F-11D3-BF4B-00C04F79EFBC}") = "Pentadome.Intersoftware.CodeChallenge", "Pentadome.Intersoftware.CodeChallenge\Pentadome.Intersoftware.CodeChallenge.csproj", "{87912B7B-5D2D-4C98-A463-3BA50F26BFC6}"
EndProject
Global
	GlobalSection(SolutionConfigurationPlatforms) = preSolution
		Debug|Any CPU = Debug|Any CPU
		Release|Any CPU = Release|Any CPU
	EndGlobalSection
	GlobalSection(ProjectConfigurationPlatforms) = postSolution
		{87912B7B-5D2D-4C98-A463-3BA50F26BFC6}.Debug|Any CPU.ActiveCfg = Debug|Any CPU
		{87912B7B-5D2D-4C98-A463-3BA50F26BFC6}.Debug|Any CPU.Build.0 = Debug|Any CPU
		{87912B7B-5D2D-4C98-A463-3BA50F26BFC6}.Release|Any CPU.ActiveCfg = Release|Any CPU
		{87912B7B-5D2D-4C98-A463-3BA50F26BFC6}.Release|Any CPU.Build.0 = Release|Any CPU
	EndGlobalSection
	GlobalSection(SolutionProperties) = preSolution
		HideSolutionNode = FALSE
	EndGlobalSection
	GlobalSection(ExtensibilityGlobals) = postSolution
		SolutionGuid = {1702A8E0-D192-4CE4-9866-5AD9B4788062}
	EndGlobalSection
EndGlobal
